
Microsoft Visual Studio Solution File, Format Version 12.00
# Visual Studio Version 16
VisualStudioVersion = 16.0.31105.61
MinimumVisualStudioVersion = 10.0.40219.1
Project("{FAE04EC0-301F-11D3-BF4B-00C04F79EFBC}") = "ContainerPOC.Web", "ContainerPOC.Web\ContainerPOC.Web.csproj", "{C5F1E737-3F63-4332-8D3C-8626CD92E7A1}"
EndProject
Global
	GlobalSection(SolutionConfigurationPlatforms) = preSolution
		Debug|Any CPU = Debug|Any CPU
		Release|Any CPU = Release|Any CPU
	EndGlobalSection
	GlobalSection(ProjectConfigurationPlatforms) = postSolution
		{C5F1E737-3F63-4332-8D3C-8626CD92E7A1}.Debug|Any CPU.ActiveCfg = Debug|Any CPU
		{C5F1E737-3F63-4332-8D3C-8626CD92E7A1}.Debug|Any CPU.Build.0 = Debug|Any CPU
		{C5F1E737-3F63-4332-8D3C-8626CD92E7A1}.Release|Any CPU.ActiveCfg = Release|Any CPU
		{C5F1E737-3F63-4332-8D3C-8626CD92E7A1}.Release|Any CPU.Build.0 = Release|Any CPU
	EndGlobalSection
	GlobalSection(SolutionProperties) = preSolution
		HideSolutionNode = FALSE
	EndGlobalSection
	GlobalSection(ExtensibilityGlobals) = postSolution
		SolutionGuid = {BEF9B62E-F1D8-4B62-B73B-2EF922E4C4E6}
	EndGlobalSection
EndGlobal
